
Microsoft Visual Studio Solution File, Format Version 12.00
# Visual Studio 15
VisualStudioVersion = 15.0.27004.2008
MinimumVisualStudioVersion = 10.0.40219.1
Project("{FAE04EC0-301F-11D3-BF4B-00C04F79EFBC}") = "ChatWithLikes", "ChatWithLikes\ChatWithLikes.csproj", "{44DAE460-FD2E-4989-86C5-C2EF0ECE8014}"
EndProject
Project("{FAE04EC0-301F-11D3-BF4B-00C04F79EFBC}") = "DAL", "DAL\DAL.csproj", "{8C6C1DF7-D1C9-4FC1-BCCD-639F28B9444A}"
EndProject
Project("{FAE04EC0-301F-11D3-BF4B-00C04F79EFBC}") = "Models", "Models\Models.csproj", "{3B7393CF-5114-4566-935E-76AAA3A3B077}"
EndProject
Global
	GlobalSection(SolutionConfigurationPlatforms) = preSolution
		Debug|Any CPU = Debug|Any CPU
		Release|Any CPU = Release|Any CPU
	EndGlobalSection
	GlobalSection(ProjectConfigurationPlatforms) = postSolution
		{44DAE460-FD2E-4989-86C5-C2EF0ECE8014}.Debug|Any CPU.ActiveCfg = Debug|Any CPU
		{44DAE460-FD2E-4989-86C5-C2EF0ECE8014}.Debug|Any CPU.Build.0 = Debug|Any CPU
		{44DAE460-FD2E-4989-86C5-C2EF0ECE8014}.Release|Any CPU.ActiveCfg = Release|Any CPU
		{44DAE460-FD2E-4989-86C5-C2EF0ECE8014}.Release|Any CPU.Build.0 = Release|Any CPU
		{8C6C1DF7-D1C9-4FC1-BCCD-639F28B9444A}.Debug|Any CPU.ActiveCfg = Debug|Any CPU
		{8C6C1DF7-D1C9-4FC1-BCCD-639F28B9444A}.Debug|Any CPU.Build.0 = Debug|Any CPU
		{8C6C1DF7-D1C9-4FC1-BCCD-639F28B9444A}.Release|Any CPU.ActiveCfg = Release|Any CPU
		{8C6C1DF7-D1C9-4FC1-BCCD-639F28B9444A}.Release|Any CPU.Build.0 = Release|Any CPU
		{3B7393CF-5114-4566-935E-76AAA3A3B077}.Debug|Any CPU.ActiveCfg = Debug|Any CPU
		{3B7393CF-5114-4566-935E-76AAA3A3B077}.Debug|Any CPU.Build.0 = Debug|Any CPU
		{3B7393CF-5114-4566-935E-76AAA3A3B077}.Release|Any CPU.ActiveCfg = Release|Any CPU
		{3B7393CF-5114-4566-935E-76AAA3A3B077}.Release|Any CPU.Build.0 = Release|Any CPU
	EndGlobalSection
	GlobalSection(SolutionProperties) = preSolution
		HideSolutionNode = FALSE
	EndGlobalSection
	GlobalSection(ExtensibilityGlobals) = postSolution
		SolutionGuid = {EEA7782C-FBE4-4B69-9AF8-4DF81BF9F83D}
	EndGlobalSection
EndGlobal
